
Microsoft Visual Studio Solution File, Format Version 12.00
# Visual Studio 15
VisualStudioVersion = 15.0.26430.14
MinimumVisualStudioVersion = 10.0.40219.1
Project("{FAE04EC0-301F-11D3-BF4B-00C04F79EFBC}") = "Kit.WPF45", "Src\Kit.WPF45\Kit.WPF45.csproj", "{C9612531-2077-4662-B8A4-092E06D5069B}"
EndProject
Project("{FAE04EC0-301F-11D3-BF4B-00C04F79EFBC}") = "Kit.Core45", "Src\Kit.Core45\Kit.Core45.csproj", "{14123A8E-6D6B-4362-B001-35B8C2505EED}"
EndProject
Project("{FAE04EC0-301F-11D3-BF4B-00C04F79EFBC}") = "Kit.Core45.Tests", "Src\Kit.Core45.Tests\Kit.Core45.Tests.csproj", "{B783C49C-FD04-49DA-BD5D-8D11AC9C20C3}"
EndProject
Global
	GlobalSection(SolutionConfigurationPlatforms) = preSolution
		Debug|Any CPU = Debug|Any CPU
		Debug|ARM = Debug|ARM
		Debug|Mixed Platforms = Debug|Mixed Platforms
		Debug|x64 = Debug|x64
		Debug|x86 = Debug|x86
		Release|Any CPU = Release|Any CPU
		Release|ARM = Release|ARM
		Release|Mixed Platforms = Release|Mixed Platforms
		Release|x64 = Release|x64
		Release|x86 = Release|x86
	EndGlobalSection
	GlobalSection(ProjectConfigurationPlatforms) = postSolution
		{C9612531-2077-4662-B8A4-092E06D5069B}.Debug|Any CPU.ActiveCfg = Debug|Any CPU
		{C9612531-2077-4662-B8A4-092E06D5069B}.Debug|Any CPU.Build.0 = Debug|Any CPU
		{C9612531-2077-4662-B8A4-092E06D5069B}.Debug|ARM.ActiveCfg = Debug|Any CPU
		{C9612531-2077-4662-B8A4-092E06D5069B}.Debug|ARM.Build.0 = Debug|Any CPU
		{C9612531-2077-4662-B8A4-092E06D5069B}.Debug|Mixed Platforms.ActiveCfg = Debug|Any CPU
		{C9612531-2077-4662-B8A4-092E06D5069B}.Debug|Mixed Platforms.Build.0 = Debug|Any CPU
		{C9612531-2077-4662-B8A4-092E06D5069B}.Debug|x64.ActiveCfg = Debug|Any CPU
		{C9612531-2077-4662-B8A4-092E06D5069B}.Debug|x64.Build.0 = Debug|Any CPU
		{C9612531-2077-4662-B8A4-092E06D5069B}.Debug|x86.ActiveCfg = Debug|Any CPU
		{C9612531-2077-4662-B8A4-092E06D5069B}.Debug|x86.Build.0 = Debug|Any CPU
		{C9612531-2077-4662-B8A4-092E06D5069B}.Release|Any CPU.ActiveCfg = Release|Any CPU
		{C9612531-2077-4662-B8A4-092E06D5069B}.Release|Any CPU.Build.0 = Release|Any CPU
		{C9612531-2077-4662-B8A4-092E06D5069B}.Release|ARM.ActiveCfg = Release|Any CPU
		{C9612531-2077-4662-B8A4-092E06D5069B}.Release|ARM.Build.0 = Release|Any CPU
		{C9612531-2077-4662-B8A4-092E06D5069B}.Release|Mixed Platforms.ActiveCfg = Release|Any CPU
		{C9612531-2077-4662-B8A4-092E06D5069B}.Release|Mixed Platforms.Build.0 = Release|Any CPU
		{C9612531-2077-4662-B8A4-092E06D5069B}.Release|x64.ActiveCfg = Release|Any CPU
		{C9612531-2077-4662-B8A4-092E06D5069B}.Release|x64.Build.0 = Release|Any CPU
		{C9612531-2077-4662-B8A4-092E06D5069B}.Release|x86.ActiveCfg = Release|Any CPU
		{C9612531-2077-4662-B8A4-092E06D5069B}.Release|x86.Build.0 = Release|Any CPU
		{14123A8E-6D6B-4362-B001-35B8C2505EED}.Debug|Any CPU.ActiveCfg = Debug|Any CPU
		{14123A8E-6D6B-4362-B001-35B8C2505EED}.Debug|Any CPU.Build.0 = Debug|Any CPU
		{14123A8E-6D6B-4362-B001-35B8C2505EED}.Debug|ARM.ActiveCfg = Debug|Any CPU
		{14123A8E-6D6B-4362-B001-35B8C2505EED}.Debug|ARM.Build.0 = Debug|Any CPU
		{14123A8E-6D6B-4362-B001-35B8C2505EED}.Debug|Mixed Platforms.ActiveCfg = Debug|Any CPU
		{14123A8E-6D6B-4362-B001-35B8C2505EED}.Debug|Mixed Platforms.Build.0 = Debug|Any CPU
		{14123A8E-6D6B-4362-B001-35B8C2505EED}.Debug|x64.ActiveCfg = Debug|Any CPU
		{14123A8E-6D6B-4362-B001-35B8C2505EED}.Debug|x64.Build.0 = Debug|Any CPU
		{14123A8E-6D6B-4362-B001-35B8C2505EED}.Debug|x86.ActiveCfg = Debug|Any CPU
		{14123A8E-6D6B-4362-B001-35B8C2505EED}.Debug|x86.Build.0 = Debug|Any CPU
		{14123A8E-6D6B-4362-B001-35B8C2505EED}.Release|Any CPU.ActiveCfg = Release|Any CPU
		{14123A8E-6D6B-4362-B001-35B8C2505EED}.Release|Any CPU.Build.0 = Release|Any CPU
		{14123A8E-6D6B-4362-B001-35B8C2505EED}.Release|ARM.ActiveCfg = Release|Any CPU
		{14123A8E-6D6B-4362-B001-35B8C2505EED}.Release|ARM.Build.0 = Release|Any CPU
		{14123A8E-6D6B-4362-B001-35B8C2505EED}.Release|Mixed Platforms.ActiveCfg = Release|Any CPU
		{14123A8E-6D6B-4362-B001-35B8C2505EED}.Release|Mixed Platforms.Build.0 = Release|Any CPU
		{14123A8E-6D6B-4362-B001-35B8C2505EED}.Release|x64.ActiveCfg = Release|Any CPU
		{14123A8E-6D6B-4362-B001-35B8C2505EED}.Release|x64.Build.0 = Release|Any CPU
		{14123A8E-6D6B-4362-B001-35B8C2505EED}.Release|x86.ActiveCfg = Release|Any CPU
		{14123A8E-6D6B-4362-B001-35B8C2505EED}.Release|x86.Build.0 = Release|Any CPU
		{B783C49C-FD04-49DA-BD5D-8D11AC9C20C3}.Debug|Any CPU.ActiveCfg = Debug|Any CPU
		{B783C49C-FD04-49DA-BD5D-8D11AC9C20C3}.Debug|Any CPU.Build.0 = Debug|Any CPU
		{B783C49C-FD04-49DA-BD5D-8D11AC9C20C3}.Debug|ARM.ActiveCfg = Debug|Any CPU
		{B783C49C-FD04-49DA-BD5D-8D11AC9C20C3}.Debug|ARM.Build.0 = Debug|Any CPU
		{B783C49C-FD04-49DA-BD5D-8D11AC9C20C3}.Debug|Mixed Platforms.ActiveCfg = Debug|Any CPU
		{B783C49C-FD04-49DA-BD5D-8D11AC9C20C3}.Debug|Mixed Platforms.Build.0 = Debug|Any CPU
		{B783C49C-FD04-49DA-BD5D-8D11AC9C20C3}.Debug|x64.ActiveCfg = Debug|Any CPU
		{B783C49C-FD04-49DA-BD5D-8D11AC9C20C3}.Debug|x64.Build.0 = Debug|Any CPU
		{B783C49C-FD04-49DA-BD5D-8D11AC9C20C3}.Debug|x86.ActiveCfg = Debug|Any CPU
		{B783C49C-FD04-49DA-BD5D-8D11AC9C20C3}.Debug|x86.Build.0 = Debug|Any CPU
		{B783C49C-FD04-49DA-BD5D-8D11AC9C20C3}.Release|Any CPU.ActiveCfg = Release|Any CPU
		{B783C49C-FD04-49DA-BD5D-8D11AC9C20C3}.Release|Any CPU.Build.0 = Release|Any CPU
		{B783C49C-FD04-49DA-BD5D-8D11AC9C20C3}.Release|ARM.ActiveCfg = Release|Any CPU
		{B783C49C-FD04-49DA-BD5D-8D11AC9C20C3}.Release|ARM.Build.0 = Release|Any CPU
		{B783C49C-FD04-49DA-BD5D-8D11AC9C20C3}.Release|Mixed Platforms.ActiveCfg = Release|Any CPU
		{B783C49C-FD04-49DA-BD5D-8D11AC9C20C3}.Release|Mixed Platforms.Build.0 = Release|Any CPU
		{B783C49C-FD04-49DA-BD5D-8D11AC9C20C3}.Release|x64.ActiveCfg = Release|Any CPU
		{B783C49C-FD04-49DA-BD5D-8D11AC9C20C3}.Release|x64.Build.0 = Release|Any CPU
		{B783C49C-FD04-49DA-BD5D-8D11AC9C20C3}.Release|x86.ActiveCfg = Release|Any CPU
		{B783C49C-FD04-49DA-BD5D-8D11AC9C20C3}.Release|x86.Build.0 = Release|Any CPU
	EndGlobalSection
	GlobalSection(SolutionProperties) = preSolution
		HideSolutionNode = FALSE
	EndGlobalSection
EndGlobal
